{
  "name": "agent-control-plane-workspace",
  "version": "0.1.0",
  "lockfileVersion": 3,
  "requires": true,
  "packages": {
    "": {
      "name": "agent-control-plane-workspace",
      "version": "0.1.0",
      "workspaces": [
        "packages/*"
      ],
      "devDependencies": {
        "typescript": "^5.9.3"
      },
      "engines": {
        "node": ">=20"
      }
    },
    "node_modules/@agent-control-plane/cli": {
      "resolved": "packages/cli",
      "link": true
    },
    "node_modules/@agent-control-plane/core": {
      "resolved": "packages/core",
      "link": true
    },
    "node_modules/@agent-control-plane/sqlite": {
      "resolved": "packages/sqlite",
      "link": true
    },
    "node_modules/typescript": {
      "version": "5.9.3",
      "resolved": "https://registry.npmjs.org/typescript/-/typescript-5.9.3.tgz",
      "integrity": "sha512-jl1vZzPDinLr9eUt3J/t7V6FgNEw9QjvBPdysz9KfQDD41fQrC2Y4vKQdiaUpFT4bXlb1RHhLpp8wtm6M5TgSw==",
      "dev": true,
      "license": "Apache-2.0",
      "bin": {
        "tsc": "bin/tsc",
        "tsserver": "bin/tsserver"
      },
      "engines": {
        "node": ">=14.17"
      }
    },
    "packages/cli": {
      "name": "@agent-control-plane/cli",
      "version": "0.1.0",
      "dependencies": {
        "@agent-control-plane/core": "0.1.0",
        "@agent-control-plane/sqlite": "0.1.0"
      },
      "bin": {
        "acp": "dist/index.js"
      }
    },
    "packages/core": {
      "name": "@agent-control-plane/core",
      "version": "0.1.0"
    },
    "packages/sqlite": {
      "name": "@agent-control-plane/sqlite",
      "version": "0.1.0",
      "dependencies": {
        "@agent-control-plane/core": "0.1.0"
      }
    }
  }
}
